Microsoft Visual Studio Solution File, Format Version 12.00
# Visual Studio Version 17
VisualStudioVersion = 17.5.2.0
MinimumVisualStudioVersion = 10.0.40219.1
Project("{FAE04EC0-301F-11D3-BF4B-00C04F79EFBC}") = "filescrubberMCP", "filescrubberMCP.csproj", "{95452FEB-4354-66B7-0CE9-B3A421358ACE}"
EndProject
Global
	GlobalSection(SolutionConfigurationPlatforms) = preSolution
		Debug|Any CPU = Debug|Any CPU
		Release|Any CPU = Release|Any CPU
	EndGlobalSection
	GlobalSection(ProjectConfigurationPlatforms) = postSolution
		{95452FEB-4354-66B7-0CE9-B3A421358ACE}.Debug|Any CPU.ActiveCfg = Debug|Any CPU
		{95452FEB-4354-66B7-0CE9-B3A421358ACE}.Debug|Any CPU.Build.0 = Debug|Any CPU
		{95452FEB-4354-66B7-0CE9-B3A421358ACE}.Release|Any CPU.ActiveCfg = Release|Any CPU
		{95452FEB-4354-66B7-0CE9-B3A421358ACE}.Release|Any CPU.Build.0 = Release|Any CPU
	EndGlobalSection
	GlobalSection(SolutionProperties) = preSolution
		HideSolutionNode = FALSE
	EndGlobalSection
	GlobalSection(ExtensibilityGlobals) = postSolution
		SolutionGuid = {E99648F3-C4BC-4193-A633-E25630C41AD3}
	EndGlobalSection
EndGlobal
